
Microsoft Visual Studio Solution File, Format Version 12.00
# Visual Studio Version 16
VisualStudioVersion = 16.0.31702.278
MinimumVisualStudioVersion = 10.0.40219.1
Project("{FAE04EC0-301F-11D3-BF4B-00C04F79EFBC}") = "zadacha", "zadacha.csproj", "{CBB07FF1-0CF7-4D5C-96A7-7EB99AB2A6D9}"
EndProject
Global
	GlobalSection(SolutionConfigurationPlatforms) = preSolution
		Debug|Any CPU = Debug|Any CPU
		Release|Any CPU = Release|Any CPU
	EndGlobalSection
	GlobalSection(ProjectConfigurationPlatforms) = postSolution
		{CBB07FF1-0CF7-4D5C-96A7-7EB99AB2A6D9}.Debug|Any CPU.ActiveCfg = Debug|Any CPU
		{CBB07FF1-0CF7-4D5C-96A7-7EB99AB2A6D9}.Debug|Any CPU.Build.0 = Debug|Any CPU
		{CBB07FF1-0CF7-4D5C-96A7-7EB99AB2A6D9}.Release|Any CPU.ActiveCfg = Release|Any CPU
		{CBB07FF1-0CF7-4D5C-96A7-7EB99AB2A6D9}.Release|Any CPU.Build.0 = Release|Any CPU
	EndGlobalSection
	GlobalSection(SolutionProperties) = preSolution
		HideSolutionNode = FALSE
	EndGlobalSection
	GlobalSection(ExtensibilityGlobals) = postSolution
		SolutionGuid = {5B0A99F1-CE62-4AF1-ABA4-E3DF19A4C834}
	EndGlobalSection
EndGlobal
